PODS:
  - CenteredCollectionView (0.9.4)

DEPENDENCIES:
  - CenteredCollectionView (from `../`)

EXTERNAL SOURCES:
  CenteredCollectionView:
    :path: "../"

SPEC CHECKSUMS:
  CenteredCollectionView: c20e58086f843ef106fe5538068a4f8ff34d23e7

PODFILE CHECKSUM: a5e398e5f46bd184487576641db9b99cf71f1d51

COCOAPODS: 1.1.1
