PODS:
  - CenteredCollectionView (0.2.0)

DEPENDENCIES:
  - CenteredCollectionView (from `../`)

EXTERNAL SOURCES:
  CenteredCollectionView:
    :path: "../"

SPEC CHECKSUMS:
  CenteredCollectionView: 8205e78e2c300b3d80d1b3dd2ed869f2a953d7b9

PODFILE CHECKSUM: b3f12e2d2cc096779ef9eb8f4c72d25fc3304ea0

COCOAPODS: 1.1.1
