// !$*UTF8*$!
{
	archiveVersion = 1;
	classes = {
	};
	objectVersion = 46;
	objects = {

/* Begin PBXBuildFile section */
		1D4B3C011E1397E300975F87 /* AppDelegate.swift in Sources */ = {isa = PBXBuildFile; fileRef = 1D4B3C001E1397E300975F87 /* AppDelegate.swift */; };
		1D4B3C031E1397E300975F87 /* ViewController.swift in Sources */ = {isa = PBXBuildFile; fileRef = 1D4B3C021E1397E300975F87 /* ViewController.swift */; };
		1D4B3C081E1397E300975F87 /* Assets.xcassets in Resources */ = {isa = PBXBuildFile; fileRef = 1D4B3C071E1397E300975F87 /* Assets.xcassets */; };
		1D4B3C0B1E1397E300975F87 /* LaunchScreen.storyboard in Resources */ = {isa = PBXBuildFile; fileRef = 1D4B3C091E1397E300975F87 /* LaunchScreen.storyboard */; };
		1D4B3C161E1397E300975F87 /* ExampleTests.swift in Sources */ = {isa = PBXBuildFile; fileRef = 1D4B3C151E1397E300975F87 /* ExampleTests.swift */; };
		1D4B3C211E13986E00975F87 /* CollectionViewCell.swift in Sources */ = {isa = PBXBuildFile; fileRef = 1D4B3C201E13986E00975F87 /* CollectionViewCell.swift */; };
		4D0B6A95CEFC50D19B374155 /* Pods_Example.framework in Frameworks */ = {isa = PBXBuildFile; fileRef = C08ACCB595BFD520F4CD8BD8 /* Pods_Example.framework */; };
		EE09C57ACECA2D54BECE551E /* Pods_ExampleTests.framework in Frameworks */ = {isa = PBXBuildFile; fileRef = CFE685B906F44842098E4115 /* Pods_ExampleTests.framework */; };
/* End PBXBuildFile section */

/* Begin PBXContainerItemProxy section */
		1D4B3C121E1397E300975F87 /* PBXContainerItemProxy */ = {
			isa = PBXContainerItemProxy;
			containerPortal = 1D4B3BF51E1397E300975F87 /* Project object */;
			proxyType = 1;
			remoteGlobalIDString = 1D4B3BFC1E1397E300975F87;
			remoteInfo = Example;
		};
/* End PBXContainerItemProxy section */

/* Begin PBXFileReference section */
		1D4B3BFD1E1397E300975F87 /* Example.app */ = {isa = PBXFileReference; explicitFileType = wrapper.application; includeInIndex = 0; path = Example.app; sourceTree = BUILT_PRODUCTS_DIR; };
		1D4B3C001E1397E300975F87 /* AppDelegate.swift */ = {isa = PBXFileReference; lastKnownFileType = sourcecode.swift; path = AppDelegate.swift; sourceTree = "<group>"; };
		1D4B3C021E1397E300975F87 /* ViewController.swift */ = {isa = PBXFileReference; lastKnownFileType = sourcecode.swift; path = ViewController.swift; sourceTree = "<group>"; };
		1D4B3C071E1397E300975F87 /* Assets.xcassets */ = {isa = PBXFileReference; lastKnownFileType = folder.assetcatalog; path = Assets.xcassets; sourceTree = "<group>"; };
		1D4B3C0A1E1397E300975F87 /* Base */ = {isa = PBXFileReference; lastKnownFileType = file.storyboard; name = Base; path = Base.lproj/LaunchScreen.storyboard; sourceTree = "<group>"; };
		1D4B3C0C1E1397E300975F87 /* Info.plist */ = {isa = PBXFileReference; lastKnownFileType = text.plist.xml; path = Info.plist; sourceTree = "<group>"; };
		1D4B3C111E1397E300975F87 /* ExampleTests.xctest */ = {isa = PBXFileReference; explicitFileType = wrapper.cfbundle; includeInIndex = 0; path = ExampleTests.xctest; sourceTree = BUILT_PRODUCTS_DIR; };
		1D4B3C151E1397E300975F87 /* ExampleTests.swift */ = {isa = PBXFileReference; lastKnownFileType = sourcecode.swift; path = ExampleTests.swift; sourceTree = "<group>"; };
		1D4B3C171E1397E300975F87 /* Info.plist */ = {isa = PBXFileReference; lastKnownFileType = text.plist.xml; path = Info.plist; sourceTree = "<group>"; };
		1D4B3C201E13986E00975F87 /* CollectionViewCell.swift */ = {isa = PBXFileReference; fileEncoding = 4; lastKnownFileType = sourcecode.swift; path = CollectionViewCell.swift; sourceTree = "<group>"; };
		29881C089BB4864C2C82BB4A /* Pods-Example.debug.xcconfig */ = {isa = PBXFileReference; includeInIndex = 1; lastKnownFileType = text.xcconfig; name = "Pods-Example.debug.xcconfig"; path = "Pods/Target Support Files/Pods-Example/Pods-Example.debug.xcconfig"; sourceTree = "<group>"; };
		B04AFACFF4956D499BB81DF7 /* Pods-ExampleTests.release.xcconfig */ = {isa = PBXFileReference; includeInIndex = 1; lastKnownFileType = text.xcconfig; name = "Pods-ExampleTests.release.xcconfig"; path = "Pods/Target Support Files/Pods-ExampleTests/Pods-ExampleTests.release.xcconfig"; sourceTree = "<group>"; };
		B5340F701E1506A336678A78 /* Pods-Example.release.xcconfig */ = {isa = PBXFileReference; includeInIndex = 1; lastKnownFileType = text.xcconfig; name = "Pods-Example.release.xcconfig"; path = "Pods/Target Support Files/Pods-Example/Pods-Example.release.xcconfig"; sourceTree = "<group>"; };
		BE3B77A6957446AB4FECAFDB /* Pods-ExampleTests.debug.xcconfig */ = {isa = PBXFileReference; includeInIndex = 1; lastKnownFileType = text.xcconfig; name = "Pods-ExampleTests.debug.xcconfig"; path = "Pods/Target Support Files/Pods-ExampleTests/Pods-ExampleTests.debug.xcconfig"; sourceTree = "<group>"; };
		C08ACCB595BFD520F4CD8BD8 /* Pods_Example.framework */ = {isa = PBXFileReference; explicitFileType = wrapper.framework; includeInIndex = 0; path = Pods_Example.framework; sourceTree = BUILT_PRODUCTS_DIR; };
		CFE685B906F44842098E4115 /* Pods_ExampleTests.framework */ = {isa = PBXFileReference; explicitFileType = wrapper.framework; includeInIndex = 0; path = Pods_ExampleTests.framework; sourceTree = BUILT_PRODUCTS_DIR; };
/* End PBXFileReference section */

/* Begin PBXFrameworksBuildPhase section */
		1D4B3BFA1E1397E300975F87 /* Frameworks */ = {
			isa = PBXFrameworksBuildPhase;
			buildActionMask = 2147483647;
			files = (
				4D0B6A95CEFC50D19B374155 /* Pods_Example.framework in Frameworks */,
			);
			runOnlyForDeploymentPostprocessing = 0;
		};
		1D4B3C0E1E1397E300975F87 /* Frameworks */ = {
			isa = PBXFrameworksBuildPhase;
			buildActionMask = 2147483647;
			files = (
				EE09C57ACECA2D54BECE551E /* Pods_ExampleTests.framework in Frameworks */,
			);
			runOnlyForDeploymentPostprocessing = 0;
		};
/* End PBXFrameworksBuildPhase section */

/* Begin PBXGroup section */
		1D4B3BF41E1397E300975F87 = {
			isa = PBXGroup;
			children = (
				1D4B3BFF1E1397E300975F87 /* Example */,
				1D4B3C141E1397E300975F87 /* ExampleTests */,
				1D4B3BFE1E1397E300975F87 /* Products */,
				8A0A4D95BBDBE6257A4BF8D1 /* Pods */,
				B65060C2BB5CA687153FA4FF /* Frameworks */,
			);
			sourceTree = "<group>";
		};
		1D4B3BFE1E1397E300975F87 /* Products */ = {
			isa = PBXGroup;
			children = (
				1D4B3BFD1E1397E300975F87 /* Example.app */,
				1D4B3C111E1397E300975F87 /* ExampleTests.xctest */,
			);
			name = Products;
			sourceTree = "<group>";
		};
		1D4B3BFF1E1397E300975F87 /* Example */ = {
			isa = PBXGroup;
			children = (
				1D4B3C001E1397E300975F87 /* AppDelegate.swift */,
				1D4B3C021E1397E300975F87 /* ViewController.swift */,
				1D4B3C201E13986E00975F87 /* CollectionViewCell.swift */,
				1D4B3C071E1397E300975F87 /* Assets.xcassets */,
				1D4B3C091E1397E300975F87 /* LaunchScreen.storyboard */,
				1D4B3C0C1E1397E300975F87 /* Info.plist */,
			);
			path = Example;
			sourceTree = "<group>";
		};
		1D4B3C141E1397E300975F87 /* ExampleTests */ = {
			isa = PBXGroup;
			children = (
				1D4B3C151E1397E300975F87 /* ExampleTests.swift */,
				1D4B3C171E1397E300975F87 /* Info.plist */,
			);
			path = ExampleTests;
			sourceTree = "<group>";
		};
		8A0A4D95BBDBE6257A4BF8D1 /* Pods */ = {
			isa = PBXGroup;
			children = (
				29881C089BB4864C2C82BB4A /* Pods-Example.debug.xcconfig */,
				B5340F701E1506A336678A78 /* Pods-Example.release.xcconfig */,
				BE3B77A6957446AB4FECAFDB /* Pods-ExampleTests.debug.xcconfig */,
				B04AFACFF4956D499BB81DF7 /* Pods-ExampleTests.release.xcconfig */,
			);
			name = Pods;
			sourceTree = "<group>";
		};
		B65060C2BB5CA687153FA4FF /* Frameworks */ = {
			isa = PBXGroup;
			children = (
				C08ACCB595BFD520F4CD8BD8 /* Pods_Example.framework */,
				CFE685B906F44842098E4115 /* Pods_ExampleTests.framework */,
			);
			name = Frameworks;
			sourceTree = "<group>";
		};
/* End PBXGroup section */

/* Begin PBXNativeTarget section */
		1D4B3BFC1E1397E300975F87 /* Example */ = {
			isa = PBXNativeTarget;
			buildConfigurationList = 1D4B3C1A1E1397E300975F87 /* Build configuration list for PBXNativeTarget "Example" */;
			buildPhases = (
				3368A74DB328DA01D1D1A430 /* [CP] Check Pods Manifest.lock */,
				1D4B3BF91E1397E300975F87 /* Sources */,
				1D4B3BFA1E1397E300975F87 /* Frameworks */,
				1D4B3BFB1E1397E300975F87 /* Resources */,
				8BB2C3B176E5A90883C8534A /* [CP] Embed Pods Frameworks */,
				44DCF877DA6F460168ACF513 /* [CP] Copy Pods Resources */,
			);
			buildRules = (
			);
			dependencies = (
			);
			name = Example;
			productName = Example;
			productReference = 1D4B3BFD1E1397E300975F87 /* Example.app */;
			productType = "com.apple.product-type.application";
		};
		1D4B3C101E1397E300975F87 /* ExampleTests */ = {
			isa = PBXNativeTarget;
			buildConfigurationList = 1D4B3C1D1E1397E300975F87 /* Build configuration list for PBXNativeTarget "ExampleTests" */;
			buildPhases = (
				6AC465A6AA694BA1C5A8F69C /* [CP] Check Pods Manifest.lock */,
				1D4B3C0D1E1397E300975F87 /* Sources */,
				1D4B3C0E1E1397E300975F87 /* Frameworks */,
				1D4B3C0F1E1397E300975F87 /* Resources */,
				97010B8CED8B337BA412389B /* [CP] Embed Pods Frameworks */,
				0CCD7F91EE8A8BA5140BF46F /* [CP] Copy Pods Resources */,
			);
			buildRules = (
			);
			dependencies = (
				1D4B3C131E1397E300975F87 /* PBXTargetDependency */,
			);
			name = ExampleTests;
			productName = ExampleTests;
			productReference = 1D4B3C111E1397E300975F87 /* ExampleTests.xctest */;
			productType = "com.apple.product-type.bundle.unit-test";
		};
/* End PBXNativeTarget section */

/* Begin PBXProject section */
		1D4B3BF51E1397E300975F87 /* Project object */ = {
			isa = PBXProject;
			attributes = {
				LastSwiftUpdateCheck = 0820;
				LastUpgradeCheck = 0820;
				ORGANIZATIONNAME = "Benjamin Emdon";
				TargetAttributes = {
					1D4B3BFC1E1397E300975F87 = {
						CreatedOnToolsVersion = 8.2.1;
						ProvisioningStyle = Automatic;
					};
					1D4B3C101E1397E300975F87 = {
						CreatedOnToolsVersion = 8.2.1;
						ProvisioningStyle = Automatic;
						TestTargetID = 1D4B3BFC1E1397E300975F87;
					};
				};
			};
			buildConfigurationList = 1D4B3BF81E1397E300975F87 /* Build configuration list for PBXProject "Example" */;
			compatibilityVersion = "Xcode 3.2";
			developmentRegion = English;
			hasScannedForEncodings = 0;
			knownRegions = (
				en,
				Base,
			);
			mainGroup = 1D4B3BF41E1397E300975F87;
			productRefGroup = 1D4B3BFE1E1397E300975F87 /* Products */;
			projectDirPath = "";
			projectRoot = "";
			targets = (
				1D4B3BFC1E1397E300975F87 /* Example */,
				1D4B3C101E1397E300975F87 /* ExampleTests */,
			);
		};
/* End PBXProject section */

/* Begin PBXResourcesBuildPhase section */
		1D4B3BFB1E1397E300975F87 /* Resources */ = {
			isa = PBXResourcesBuildPhase;
			buildActionMask = 2147483647;
			files = (
				1D4B3C0B1E1397E300975F87 /* LaunchScreen.storyboard in Resources */,
				1D4B3C081E1397E300975F87 /* Assets.xcassets in Resources */,
			);
			runOnlyForDeploymentPostprocessing = 0;
		};
		1D4B3C0F1E1397E300975F87 /* Resources */ = {
			isa = PBXResourcesBuildPhase;
			buildActionMask = 2147483647;
			files = (
			);
			runOnlyForDeploymentPostprocessing = 0;
		};
/* End PBXResourcesBuildPhase section */

/* Begin PBXShellScriptBuildPhase section */
		0CCD7F91EE8A8BA5140BF46F /* [CP] Copy Pods Resources */ = {
			isa = PBXShellScriptBuildPhase;
			buildActionMask = 2147483647;
			files = (
			);
			inputPaths = (
			);
			name = "[CP] Copy Pods Resources";
			outputPaths = (
			);
			runOnlyForDeploymentPostprocessing = 0;
			shellPath = /bin/sh;
			shellScript = "\"${SRCROOT}/Pods/Target Support Files/Pods-ExampleTests/Pods-ExampleTests-resources.sh\"\n";
			showEnvVarsInLog = 0;
		};
		3368A74DB328DA01D1D1A430 /* [CP] Check Pods Manifest.lock */ = {
			isa = PBXShellScriptBuildPhase;
			buildActionMask = 2147483647;
			files = (
			);
			inputPaths = (
			);
			name = "[CP] Check Pods Manifest.lock";
			outputPaths = (
			);
			runOnlyForDeploymentPostprocessing = 0;
			shellPath = /bin/sh;
			shellScript = "diff \"${PODS_ROOT}/../Podfile.lock\" \"${PODS_ROOT}/Manifest.lock\" > /dev/null\nif [ $? != 0 ] ; then\n    # print error to STDERR\n    echo \"error: The sandbox is not in sync with the Podfile.lock. Run 'pod install' or update your CocoaPods installation.\" >&2\n    exit 1\nfi\n";
			showEnvVarsInLog = 0;
		};
		44DCF877DA6F460168ACF513 /* [CP] Copy Pods Resources */ = {
			isa = PBXShellScriptBuildPhase;
			buildActionMask = 2147483647;
			files = (
			);
			inputPaths = (
			);
			name = "[CP] Copy Pods Resources";
			outputPaths = (
			);
			runOnlyForDeploymentPostprocessing = 0;
			shellPath = /bin/sh;
			shellScript = "\"${SRCROOT}/Pods/Target Support Files/Pods-Example/Pods-Example-resources.sh\"\n";
			showEnvVarsInLog = 0;
		};
		6AC465A6AA694BA1C5A8F69C /* [CP] Check Pods Manifest.lock */ = {
			isa = PBXShellScriptBuildPhase;
			buildActionMask = 2147483647;
			files = (
			);
			inputPaths = (
			);
			name = "[CP] Check Pods Manifest.lock";
			outputPaths = (
			);
			runOnlyForDeploymentPostprocessing = 0;
			shellPath = /bin/sh;
			shellScript = "diff \"${PODS_ROOT}/../Podfile.lock\" \"${PODS_ROOT}/Manifest.lock\" > /dev/null\nif [ $? != 0 ] ; then\n    # print error to STDERR\n    echo \"error: The sandbox is not in sync with the Podfile.lock. Run 'pod install' or update your CocoaPods installation.\" >&2\n    exit 1\nfi\n";
			showEnvVarsInLog = 0;
		};
		8BB2C3B176E5A90883C8534A /* [CP] Embed Pods Frameworks */ = {
			isa = PBXShellScriptBuildPhase;
			buildActionMask = 2147483647;
			files = (
			);
			inputPaths = (
			);
			name = "[CP] Embed Pods Frameworks";
			outputPaths = (
			);
			runOnlyForDeploymentPostprocessing = 0;
			shellPath = /bin/sh;
			shellScript = "\"${SRCROOT}/Pods/Target Support Files/Pods-Example/Pods-Example-frameworks.sh\"\n";
			showEnvVarsInLog = 0;
		};
		97010B8CED8B337BA412389B /* [CP] Embed Pods Frameworks */ = {
			isa = PBXShellScriptBuildPhase;
			buildActionMask = 2147483647;
			files = (
			);
			inputPaths = (
			);
			name = "[CP] Embed Pods Frameworks";
			outputPaths = (
			);
			runOnlyForDeploymentPostprocessing = 0;
			shellPath = /bin/sh;
			shellScript = "\"${SRCROOT}/Pods/Target Support Files/Pods-ExampleTests/Pods-ExampleTests-frameworks.sh\"\n";
			showEnvVarsInLog = 0;
		};
/* End PBXShellScriptBuildPhase section */

/* Begin PBXSourcesBuildPhase section */
		1D4B3BF91E1397E300975F87 /* Sources */ = {
			isa = PBXSourcesBuildPhase;
			buildActionMask = 2147483647;
			files = (
				1D4B3C031E1397E300975F87 /* ViewController.swift in Sources */,
				1D4B3C011E1397E300975F87 /* AppDelegate.swift in Sources */,
				1D4B3C211E13986E00975F87 /* CollectionViewCell.swift in Sources */,
			);
			runOnlyForDeploymentPostprocessing = 0;
		};
		1D4B3C0D1E1397E300975F87 /* Sources */ = {
			isa = PBXSourcesBuildPhase;
			buildActionMask = 2147483647;
			files = (
				1D4B3C161E1397E300975F87 /* ExampleTests.swift in Sources */,
			);
			runOnlyForDeploymentPostprocessing = 0;
		};
/* End PBXSourcesBuildPhase section */

/* Begin PBXTargetDependency section */
		1D4B3C131E1397E300975F87 /* PBXTargetDependency */ = {
			isa = PBXTargetDependency;
			target = 1D4B3BFC1E1397E300975F87 /* Example */;
			targetProxy = 1D4B3C121E1397E300975F87 /* PBXContainerItemProxy */;
		};
/* End PBXTargetDependency section */

/* Begin PBXVariantGroup section */
		1D4B3C091E1397E300975F87 /* LaunchScreen.storyboard */ = {
			isa = PBXVariantGroup;
			children = (
				1D4B3C0A1E1397E300975F87 /* Base */,
			);
			name = LaunchScreen.storyboard;
			sourceTree = "<group>";
		};
/* End PBXVariantGroup section */

/* Begin XCBuildConfiguration section */
		1D4B3C181E1397E300975F87 /* Debug */ = {
			isa = XCBuildConfiguration;
			buildSettings = {
				ALWAYS_SEARCH_USER_PATHS = NO;
				CLANG_ANALYZER_NONNULL = YES;
				CLANG_CXX_LANGUAGE_STANDARD = "gnu++0x";
				CLANG_CXX_LIBRARY = "libc++";
				CLANG_ENABLE_MODULES = YES;
				CLANG_ENABLE_OBJC_ARC = YES;
				CLANG_WARN_BOOL_CONVERSION = YES;
				CLANG_WARN_CONSTANT_CONVERSION = YES;
				CLANG_WARN_DIRECT_OBJC_ISA_USAGE = YES_ERROR;
				CLANG_WARN_DOCUMENTATION_COMMENTS = YES;
				CLANG_WARN_EMPTY_BODY = YES;
				CLANG_WARN_ENUM_CONVERSION = YES;
				CLANG_WARN_INFINITE_RECURSION = YES;
				CLANG_WARN_INT_CONVERSION = YES;
				CLANG_WARN_OBJC_ROOT_CLASS = YES_ERROR;
				CLANG_WARN_SUSPICIOUS_MOVE = YES;
				CLANG_WARN_UNREACHABLE_CODE = YES;
				CLANG_WARN__DUPLICATE_METHOD_MATCH = YES;
				"CODE_SIGN_IDENTITY[sdk=iphoneos*]" = "iPhone Developer";
				COPY_PHASE_STRIP = NO;
				DEBUG_INFORMATION_FORMAT = dwarf;
				ENABLE_STRICT_OBJC_MSGSEND = YES;
				ENABLE_TESTABILITY = YES;
				GCC_C_LANGUAGE_STANDARD = gnu99;
				GCC_DYNAMIC_NO_PIC = NO;
				GCC_NO_COMMON_BLOCKS = YES;
				GCC_OPTIMIZATION_LEVEL = 0;
				GCC_PREPROCESSOR_DEFINITIONS = (
					"DEBUG=1",
					"$(inherited)",
				);
				GCC_WARN_64_TO_32_BIT_CONVERSION = YES;
				GCC_WARN_ABOUT_RETURN_TYPE = YES_ERROR;
				GCC_WARN_UNDECLARED_SELECTOR = YES;
				GCC_WARN_UNINITIALIZED_AUTOS = YES_AGGRESSIVE;
				GCC_WARN_UNUSED_FUNCTION = YES;
				GCC_WARN_UNUSED_VARIABLE = YES;
				IPHONEOS_DEPLOYMENT_TARGET = 10.2;
				MTL_ENABLE_DEBUG_INFO = YES;
				ONLY_ACTIVE_ARCH = YES;
				SDKROOT = iphoneos;
				SWIFT_ACTIVE_COMPILATION_CONDITIONS = DEBUG;
				SWIFT_OPTIMIZATION_LEVEL = "-Onone";
				TARGETED_DEVICE_FAMILY = "1,2";
			};
			name = Debug;
		};
		1D4B3C191E1397E300975F87 /* Release */ = {
			isa = XCBuildConfiguration;
			buildSettings = {
				ALWAYS_SEARCH_USER_PATHS = NO;
				CLANG_ANALYZER_NONNULL = YES;
				CLANG_CXX_LANGUAGE_STANDARD = "gnu++0x";
				CLANG_CXX_LIBRARY = "libc++";
				CLANG_ENABLE_MODULES = YES;
				CLANG_ENABLE_OBJC_ARC = YES;
				CLANG_WARN_BOOL_CONVERSION = YES;
				CLANG_WARN_CONSTANT_CONVERSION = YES;
				CLANG_WARN_DIRECT_OBJC_ISA_USAGE = YES_ERROR;
				CLANG_WARN_DOCUMENTATION_COMMENTS = YES;
				CLANG_WARN_EMPTY_BODY = YES;
				CLANG_WARN_ENUM_CONVERSION = YES;
				CLANG_WARN_INFINITE_RECURSION = YES;
				CLANG_WARN_INT_CONVERSION = YES;
				CLANG_WARN_OBJC_ROOT_CLASS = YES_ERROR;
				CLANG_WARN_SUSPICIOUS_MOVE = YES;
				CLANG_WARN_UNREACHABLE_CODE = YES;
				CLANG_WARN__DUPLICATE_METHOD_MATCH = YES;
				"CODE_SIGN_IDENTITY[sdk=iphoneos*]" = "iPhone Developer";
				COPY_PHASE_STRIP = NO;
				DEBUG_INFORMATION_FORMAT = "dwarf-with-dsym";
				ENABLE_NS_ASSERTIONS = NO;
				ENABLE_STRICT_OBJC_MSGSEND = YES;
				GCC_C_LANGUAGE_STANDARD = gnu99;
				GCC_NO_COMMON_BLOCKS = YES;
				GCC_WARN_64_TO_32_BIT_CONVERSION = YES;
				GCC_WARN_ABOUT_RETURN_TYPE = YES_ERROR;
				GCC_WARN_UNDECLARED_SELECTOR = YES;
				GCC_WARN_UNINITIALIZED_AUTOS = YES_AGGRESSIVE;
				GCC_WARN_UNUSED_FUNCTION = YES;
				GCC_WARN_UNUSED_VARIABLE = YES;
				IPHONEOS_DEPLOYMENT_TARGET = 10.2;
				MTL_ENABLE_DEBUG_INFO = NO;
				SDKROOT = iphoneos;
				SWIFT_OPTIMIZATION_LEVEL = "-Owholemodule";
				TARGETED_DEVICE_FAMILY = "1,2";
				VALIDATE_PRODUCT = YES;
			};
			name = Release;
		};
		1D4B3C1B1E1397E300975F87 /* Debug */ = {
			isa = XCBuildConfiguration;
			baseConfigurationReference = 29881C089BB4864C2C82BB4A /* Pods-Example.debug.xcconfig */;
			buildSettings = {
				ASSETCATALOG_COMPILER_APPICON_NAME = AppIcon;
				INFOPLIST_FILE = Example/Info.plist;
				LD_RUNPATH_SEARCH_PATHS = "$(inherited) @executable_path/Frameworks";
				PRODUCT_BUNDLE_IDENTIFIER = io.BenEmdon.Example;
				PRODUCT_NAME = "$(TARGET_NAME)";
				SWIFT_VERSION = 3.0;
			};
			name = Debug;
		};
		1D4B3C1C1E1397E300975F87 /* Release */ = {
			isa = XCBuildConfiguration;
			baseConfigurationReference = B5340F701E1506A336678A78 /* Pods-Example.release.xcconfig */;
			buildSettings = {
				ASSETCATALOG_COMPILER_APPICON_NAME = AppIcon;
				INFOPLIST_FILE = Example/Info.plist;
				LD_RUNPATH_SEARCH_PATHS = "$(inherited) @executable_path/Frameworks";
				PRODUCT_BUNDLE_IDENTIFIER = io.BenEmdon.Example;
				PRODUCT_NAME = "$(TARGET_NAME)";
				SWIFT_VERSION = 3.0;
			};
			name = Release;
		};
		1D4B3C1E1E1397E300975F87 /* Debug */ = {
			isa = XCBuildConfiguration;
			baseConfigurationReference = BE3B77A6957446AB4FECAFDB /* Pods-ExampleTests.debug.xcconfig */;
			buildSettings = {
				ALWAYS_EMBED_SWIFT_STANDARD_LIBRARIES = YES;
				BUNDLE_LOADER = "$(TEST_HOST)";
				INFOPLIST_FILE = ExampleTests/Info.plist;
				LD_RUNPATH_SEARCH_PATHS = "$(inherited) @executable_path/Frameworks @loader_path/Frameworks";
				PRODUCT_BUNDLE_IDENTIFIER = io.BenEmdon.ExampleTests;
				PRODUCT_NAME = "$(TARGET_NAME)";
				SWIFT_VERSION = 3.0;
				TEST_HOST = "$(BUILT_PRODUCTS_DIR)/Example.app/Example";
			};
			name = Debug;
		};
		1D4B3C1F1E1397E300975F87 /* Release */ = {
			isa = XCBuildConfiguration;
			baseConfigurationReference = B04AFACFF4956D499BB81DF7 /* Pods-ExampleTests.release.xcconfig */;
			buildSettings = {
				ALWAYS_EMBED_SWIFT_STANDARD_LIBRARIES = YES;
				BUNDLE_LOADER = "$(TEST_HOST)";
				INFOPLIST_FILE = ExampleTests/Info.plist;
				LD_RUNPATH_SEARCH_PATHS = "$(inherited) @executable_path/Frameworks @loader_path/Frameworks";
				PRODUCT_BUNDLE_IDENTIFIER = io.BenEmdon.ExampleTests;
				PRODUCT_NAME = "$(TARGET_NAME)";
				SWIFT_VERSION = 3.0;
				TEST_HOST = "$(BUILT_PRODUCTS_DIR)/Example.app/Example";
			};
			name = Release;
		};
/* End XCBuildConfiguration section */

/* Begin XCConfigurationList section */
		1D4B3BF81E1397E300975F87 /* Build configuration list for PBXProject "Example" */ = {
			isa = XCConfigurationList;
			buildConfigurations = (
				1D4B3C181E1397E300975F87 /* Debug */,
				1D4B3C191E1397E300975F87 /* Release */,
			);
			defaultConfigurationIsVisible = 0;
			defaultConfigurationName = Release;
		};
		1D4B3C1A1E1397E300975F87 /* Build configuration list for PBXNativeTarget "Example" */ = {
			isa = XCConfigurationList;
			buildConfigurations = (
				1D4B3C1B1E1397E300975F87 /* Debug */,
				1D4B3C1C1E1397E300975F87 /* Release */,
			);
			defaultConfigurationIsVisible = 0;
		};
		1D4B3C1D1E1397E300975F87 /* Build configuration list for PBXNativeTarget "ExampleTests" */ = {
			isa = XCConfigurationList;
			buildConfigurations = (
				1D4B3C1E1E1397E300975F87 /* Debug */,
				1D4B3C1F1E1397E300975F87 /* Release */,
			);
			defaultConfigurationIsVisible = 0;
		};
/* End XCConfigurationList section */
	};
	rootObject = 1D4B3BF51E1397E300975F87 /* Project object */;
}
